
Microsoft Visual Studio Solution File, Format Version 12.00
# Visual Studio 15
VisualStudioVersion = 15.0.26730.16
MinimumVisualStudioVersion = 10.0.40219.1
Project("{FAE04EC0-301F-11D3-BF4B-00C04F79EFBC}") = "CoreSecurityLib", "CoreSecurityLib\CoreSecurityLib.csproj", "{8C53AFDF-35BE-4E0C-B0DC-122DBBA8FDB8}"
EndProject
Project("{FAE04EC0-301F-11D3-BF4B-00C04F79EFBC}") = "CoreModel", "CoreModel\CoreModel.csproj", "{D5167510-58E2-4384-9722-BF171BAAC03A}"
EndProject
Project("{FAE04EC0-301F-11D3-BF4B-00C04F79EFBC}") = "Mgr21CoreSvc", "Mgr21CoreSvc\Mgr21CoreSvc.csproj", "{6365F138-294B-41C3-B897-C8C05066BC54}"
EndProject
Project("{FAE04EC0-301F-11D3-BF4B-00C04F79EFBC}") = "Mgr21ProcKiller.CLI", "Mgr21ProcKiller.CLI\Mgr21ProcKiller.CLI.csproj", "{767101E8-F458-4645-B1DC-FB207229BE3B}"
EndProject
Project("{FAE04EC0-301F-11D3-BF4B-00C04F79EFBC}") = "Mgr21ProcKiller.GUI", "Mgr21ProcKiller.GUI\Mgr21ProcKiller.GUI.csproj", "{29A89A4A-E8EC-4F02-A128-3F44AC1F9168}"
EndProject
Project("{E729F059-12D4-455F-A2A4-FDA8DD25E08A}") = "Mgr21 Process Killer", "Mgr21 Process Killer\Mgr21 Process Killer.isproj", "{D5DA91E3-DE29-4345-A303-85DB57A80467}"
	ProjectSection(ProjectDependencies) = postProject
		{6365F138-294B-41C3-B897-C8C05066BC54} = {6365F138-294B-41C3-B897-C8C05066BC54}
		{29A89A4A-E8EC-4F02-A128-3F44AC1F9168} = {29A89A4A-E8EC-4F02-A128-3F44AC1F9168}
		{767101E8-F458-4645-B1DC-FB207229BE3B} = {767101E8-F458-4645-B1DC-FB207229BE3B}
	EndProjectSection
EndProject
Global
	GlobalSection(SolutionConfigurationPlatforms) = preSolution
		Debug|Any CPU = Debug|Any CPU
		Release|Any CPU = Release|Any CPU
	EndGlobalSection
	GlobalSection(ProjectConfigurationPlatforms) = postSolution
		{8C53AFDF-35BE-4E0C-B0DC-122DBBA8FDB8}.Debug|Any CPU.ActiveCfg = Debug|Any CPU
		{8C53AFDF-35BE-4E0C-B0DC-122DBBA8FDB8}.Debug|Any CPU.Build.0 = Debug|Any CPU
		{8C53AFDF-35BE-4E0C-B0DC-122DBBA8FDB8}.Release|Any CPU.ActiveCfg = Release|Any CPU
		{8C53AFDF-35BE-4E0C-B0DC-122DBBA8FDB8}.Release|Any CPU.Build.0 = Release|Any CPU
		{D5167510-58E2-4384-9722-BF171BAAC03A}.Debug|Any CPU.ActiveCfg = Debug|Any CPU
		{D5167510-58E2-4384-9722-BF171BAAC03A}.Debug|Any CPU.Build.0 = Debug|Any CPU
		{D5167510-58E2-4384-9722-BF171BAAC03A}.Release|Any CPU.ActiveCfg = Release|Any CPU
		{D5167510-58E2-4384-9722-BF171BAAC03A}.Release|Any CPU.Build.0 = Release|Any CPU
		{6365F138-294B-41C3-B897-C8C05066BC54}.Debug|Any CPU.ActiveCfg = Debug|Any CPU
		{6365F138-294B-41C3-B897-C8C05066BC54}.Debug|Any CPU.Build.0 = Debug|Any CPU
		{6365F138-294B-41C3-B897-C8C05066BC54}.Release|Any CPU.ActiveCfg = Release|Any CPU
		{6365F138-294B-41C3-B897-C8C05066BC54}.Release|Any CPU.Build.0 = Release|Any CPU
		{767101E8-F458-4645-B1DC-FB207229BE3B}.Debug|Any CPU.ActiveCfg = Debug|Any CPU
		{767101E8-F458-4645-B1DC-FB207229BE3B}.Debug|Any CPU.Build.0 = Debug|Any CPU
		{767101E8-F458-4645-B1DC-FB207229BE3B}.Release|Any CPU.ActiveCfg = Release|Any CPU
		{767101E8-F458-4645-B1DC-FB207229BE3B}.Release|Any CPU.Build.0 = Release|Any CPU
		{29A89A4A-E8EC-4F02-A128-3F44AC1F9168}.Debug|Any CPU.ActiveCfg = Debug|Any CPU
		{29A89A4A-E8EC-4F02-A128-3F44AC1F9168}.Debug|Any CPU.Build.0 = Debug|Any CPU
		{29A89A4A-E8EC-4F02-A128-3F44AC1F9168}.Release|Any CPU.ActiveCfg = Release|Any CPU
		{29A89A4A-E8EC-4F02-A128-3F44AC1F9168}.Release|Any CPU.Build.0 = Release|Any CPU
		{D5DA91E3-DE29-4345-A303-85DB57A80467}.Debug|Any CPU.ActiveCfg = Debug
		{D5DA91E3-DE29-4345-A303-85DB57A80467}.Debug|Any CPU.Build.0 = Debug
		{D5DA91E3-DE29-4345-A303-85DB57A80467}.Release|Any CPU.ActiveCfg = Release
		{D5DA91E3-DE29-4345-A303-85DB57A80467}.Release|Any CPU.Build.0 = Release
	EndGlobalSection
	GlobalSection(SolutionProperties) = preSolution
		HideSolutionNode = FALSE
	EndGlobalSection
	GlobalSection(ExtensibilityGlobals) = postSolution
		SolutionGuid = {2DA3756F-0081-4888-AA47-E00178B970CE}
	EndGlobalSection
EndGlobal
